// !$*UTF8*$!
{
	archiveVersion = 1;
	classes = {
	};
	objectVersion = 46;
	objects = {

/* Begin PBXBuildFile section */
		79611EC71AEFE0020021C1F1 /* AppDelegate.swift in Sources */ = {isa = PBXBuildFile; fileRef = 79611EC61AEFE0020021C1F1 /* AppDelegate.swift */; };
		79611ECA1AEFE0020021C1F1 /* ttv.xcdatamodeld in Sources */ = {isa = PBXBuildFile; fileRef = 79611EC81AEFE0020021C1F1 /* ttv.xcdatamodeld */; };
		79611ECC1AEFE0020021C1F1 /* ViewController.swift in Sources */ = {isa = PBXBuildFile; fileRef = 79611ECB1AEFE0020021C1F1 /* ViewController.swift */; };
		79611ECF1AEFE0020021C1F1 /* Main.storyboard in Resources */ = {isa = PBXBuildFile; fileRef = 79611ECD1AEFE0020021C1F1 /* Main.storyboard */; };
		79611ED11AEFE0020021C1F1 /* Images.xcassets in Resources */ = {isa = PBXBuildFile; fileRef = 79611ED01AEFE0020021C1F1 /* Images.xcassets */; };
		79611ED41AEFE0020021C1F1 /* LaunchScreen.xib in Resources */ = {isa = PBXBuildFile; fileRef = 79611ED21AEFE0020021C1F1 /* LaunchScreen.xib */; };
		79611EE01AEFE0020021C1F1 /* ttvTests.swift in Sources */ = {isa = PBXBuildFile; fileRef = 79611EDF1AEFE0020021C1F1 /* ttvTests.swift */; };
/* End PBXBuildFile section */

/* Begin PBXContainerItemProxy section */
		79611EDA1AEFE0020021C1F1 /* PBXContainerItemProxy */ = {
			isa = PBXContainerItemProxy;
			containerPortal = 79611EB91AEFE0020021C1F1 /* Project object */;
			proxyType = 1;
			remoteGlobalIDString = 79611EC01AEFE0020021C1F1;
			remoteInfo = ttv;
		};
/* End PBXContainerItemProxy section */

/* Begin PBXFileReference section */
		79611EC11AEFE0020021C1F1 /* ttv.app */ = {isa = PBXFileReference; explicitFileType = wrapper.application; includeInIndex = 0; path = ttv.app; sourceTree = BUILT_PRODUCTS_DIR; };
		79611EC51AEFE0020021C1F1 /* Info.plist */ = {isa = PBXFileReference; lastKnownFileType = text.plist.xml; path = Info.plist; sourceTree = "<group>"; };
		79611EC61AEFE0020021C1F1 /* AppDelegate.swift */ = {isa = PBXFileReference; lastKnownFileType = sourcecode.swift; path = AppDelegate.swift; sourceTree = "<group>"; };
		79611EC91AEFE0020021C1F1 /* ttv.xcdatamodel */ = {isa = PBXFileReference; lastKnownFileType = wrapper.xcdatamodel; path = ttv.xcdatamodel; sourceTree = "<group>"; };
		79611ECB1AEFE0020021C1F1 /* ViewController.swift */ = {isa = PBXFileReference; lastKnownFileType = sourcecode.swift; path = ViewController.swift; sourceTree = "<group>"; };
		79611ECE1AEFE0020021C1F1 /* Base */ = {isa = PBXFileReference; lastKnownFileType = file.storyboard; name = Base; path = Base.lproj/Main.storyboard; sourceTree = "<group>"; };
		79611ED01AEFE0020021C1F1 /* Images.xcassets */ = {isa = PBXFileReference; lastKnownFileType = folder.assetcatalog; path = Images.xcassets; sourceTree = "<group>"; };
		79611ED31AEFE0020021C1F1 /* Base */ = {isa = PBXFileReference; lastKnownFileType = file.xib; name = Base; path = Base.lproj/LaunchScreen.xib; sourceTree = "<group>"; };
		79611ED91AEFE0020021C1F1 /* ttvTests.xctest */ = {isa = PBXFileReference; explicitFileType = wrapper.cfbundle; includeInIndex = 0; path = ttvTests.xctest; sourceTree = BUILT_PRODUCTS_DIR; };
		79611EDE1AEFE0020021C1F1 /* Info.plist */ = {isa = PBXFileReference; lastKnownFileType = text.plist.xml; path = Info.plist; sourceTree = "<group>"; };
		79611EDF1AEFE0020021C1F1 /* ttvTests.swift */ = {isa = PBXFileReference; lastKnownFileType = sourcecode.swift; path = ttvTests.swift; sourceTree = "<group>"; };
/* End PBXFileReference section */

/* Begin PBXFrameworksBuildPhase section */
		79611EBE1AEFE0020021C1F1 /* Frameworks */ = {
			isa = PBXFrameworksBuildPhase;
			buildActionMask = 2147483647;
			files = (
			);
			runOnlyForDeploymentPostprocessing = 0;
		};
		79611ED61AEFE0020021C1F1 /* Frameworks */ = {
			isa = PBXFrameworksBuildPhase;
			buildActionMask = 2147483647;
			files = (
			);
			runOnlyForDeploymentPostprocessing = 0;
		};
/* End PBXFrameworksBuildPhase section */

/* Begin PBXGroup section */
		79611EB81AEFE0020021C1F1 = {
			isa = PBXGroup;
			children = (
				79611EC31AEFE0020021C1F1 /* ttv */,
				79611EDC1AEFE0020021C1F1 /* ttvTests */,
				79611EC21AEFE0020021C1F1 /* Products */,
			);
			sourceTree = "<group>";
		};
		79611EC21AEFE0020021C1F1 /* Products */ = {
			isa = PBXGroup;
			children = (
				79611EC11AEFE0020021C1F1 /* ttv.app */,
				79611ED91AEFE0020021C1F1 /* ttvTests.xctest */,
			);
			name = Products;
			sourceTree = "<group>";
		};
		79611EC31AEFE0020021C1F1 /* ttv */ = {
			isa = PBXGroup;
			children = (
				79611EC61AEFE0020021C1F1 /* AppDelegate.swift */,
				79611ECB1AEFE0020021C1F1 /* ViewController.swift */,
				79611ECD1AEFE0020021C1F1 /* Main.storyboard */,
				79611ED01AEFE0020021C1F1 /* Images.xcassets */,
				79611ED21AEFE0020021C1F1 /* LaunchScreen.xib */,
				79611EC81AEFE0020021C1F1 /* ttv.xcdatamodeld */,
				79611EC41AEFE0020021C1F1 /* Supporting Files */,
			);
			path = ttv;
			sourceTree = "<group>";
		};
		79611EC41AEFE0020021C1F1 /* Supporting Files */ = {
			isa = PBXGroup;
			children = (
				79611EC51AEFE0020021C1F1 /* Info.plist */,
			);
			name = "Supporting Files";
			sourceTree = "<group>";
		};
		79611EDC1AEFE0020021C1F1 /* ttvTests */ = {
			isa = PBXGroup;
			children = (
				79611EDF1AEFE0020021C1F1 /* ttvTests.swift */,
				79611EDD1AEFE0020021C1F1 /* Supporting Files */,
			);
			path = ttvTests;
			sourceTree = "<group>";
		};
		79611EDD1AEFE0020021C1F1 /* Supporting Files */ = {
			isa = PBXGroup;
			children = (
				79611EDE1AEFE0020021C1F1 /* Info.plist */,
			);
			name = "Supporting Files";
			sourceTree = "<group>";
		};
/* End PBXGroup section */

/* Begin PBXNativeTarget section */
		79611EC01AEFE0020021C1F1 /* ttv */ = {
			isa = PBXNativeTarget;
			buildConfigurationList = 79611EE31AEFE0020021C1F1 /* Build configuration list for PBXNativeTarget "ttv" */;
			buildPhases = (
				79611EBD1AEFE0020021C1F1 /* Sources */,
				79611EBE1AEFE0020021C1F1 /* Frameworks */,
				79611EBF1AEFE0020021C1F1 /* Resources */,
			);
			buildRules = (
			);
			dependencies = (
			);
			name = ttv;
			productName = ttv;
			productReference = 79611EC11AEFE0020021C1F1 /* ttv.app */;
			productType = "com.apple.product-type.application";
		};
		79611ED81AEFE0020021C1F1 /* ttvTests */ = {
			isa = PBXNativeTarget;
			buildConfigurationList = 79611EE61AEFE0020021C1F1 /* Build configuration list for PBXNativeTarget "ttvTests" */;
			buildPhases = (
				79611ED51AEFE0020021C1F1 /* Sources */,
				79611ED61AEFE0020021C1F1 /* Frameworks */,
				79611ED71AEFE0020021C1F1 /* Resources */,
			);
			buildRules = (
			);
			dependencies = (
				79611EDB1AEFE0020021C1F1 /* PBXTargetDependency */,
			);
			name = ttvTests;
			productName = ttvTests;
			productReference = 79611ED91AEFE0020021C1F1 /* ttvTests.xctest */;
			productType = "com.apple.product-type.bundle.unit-test";
		};
/* End PBXNativeTarget section */

/* Begin PBXProject section */
		79611EB91AEFE0020021C1F1 /* Project object */ = {
			isa = PBXProject;
			attributes = {
				LastUpgradeCheck = 0630;
				ORGANIZATIONNAME = "Penemetsa, Arjun";
				TargetAttributes = {
					79611EC01AEFE0020021C1F1 = {
						CreatedOnToolsVersion = 6.3.1;
					};
					79611ED81AEFE0020021C1F1 = {
						CreatedOnToolsVersion = 6.3.1;
						TestTargetID = 79611EC01AEFE0020021C1F1;
					};
				};
			};
			buildConfigurationList = 79611EBC1AEFE0020021C1F1 /* Build configuration list for PBXProject "ttv" */;
			compatibilityVersion = "Xcode 3.2";
			developmentRegion = English;
			hasScannedForEncodings = 0;
			knownRegions = (
				en,
				Base,
			);
			mainGroup = 79611EB81AEFE0020021C1F1;
			productRefGroup = 79611EC21AEFE0020021C1F1 /* Products */;
			projectDirPath = "";
			projectRoot = "";
			targets = (
				79611EC01AEFE0020021C1F1 /* ttv */,
				79611ED81AEFE0020021C1F1 /* ttvTests */,
			);
		};
/* End PBXProject section */

/* Begin PBXResourcesBuildPhase section */
		79611EBF1AEFE0020021C1F1 /* Resources */ = {
			isa = PBXResourcesBuildPhase;
			buildActionMask = 2147483647;
			files = (
				79611ECF1AEFE0020021C1F1 /* Main.storyboard in Resources */,
				79611ED41AEFE0020021C1F1 /* LaunchScreen.xib in Resources */,
				79611ED11AEFE0020021C1F1 /* Images.xcassets in Resources */,
			);
			runOnlyForDeploymentPostprocessing = 0;
		};
		79611ED71AEFE0020021C1F1 /* Resources */ = {
			isa = PBXResourcesBuildPhase;
			buildActionMask = 2147483647;
			files = (
			);
			runOnlyForDeploymentPostprocessing = 0;
		};
/* End PBXResourcesBuildPhase section */

/* Begin PBXSourcesBuildPhase section */
		79611EBD1AEFE0020021C1F1 /* Sources */ = {
			isa = PBXSourcesBuildPhase;
			buildActionMask = 2147483647;
			files = (
				79611ECC1AEFE0020021C1F1 /* ViewController.swift in Sources */,
				79611ECA1AEFE0020021C1F1 /* ttv.xcdatamodeld in Sources */,
				79611EC71AEFE0020021C1F1 /* AppDelegate.swift in Sources */,
			);
			runOnlyForDeploymentPostprocessing = 0;
		};
		79611ED51AEFE0020021C1F1 /* Sources */ = {
			isa = PBXSourcesBuildPhase;
			buildActionMask = 2147483647;
			files = (
				79611EE01AEFE0020021C1F1 /* ttvTests.swift in Sources */,
			);
			runOnlyForDeploymentPostprocessing = 0;
		};
/* End PBXSourcesBuildPhase section */

/* Begin PBXTargetDependency section */
		79611EDB1AEFE0020021C1F1 /* PBXTargetDependency */ = {
			isa = PBXTargetDependency;
			target = 79611EC01AEFE0020021C1F1 /* ttv */;
			targetProxy = 79611EDA1AEFE0020021C1F1 /* PBXContainerItemProxy */;
		};
/* End PBXTargetDependency section */

/* Begin PBXVariantGroup section */
		79611ECD1AEFE0020021C1F1 /* Main.storyboard */ = {
			isa = PBXVariantGroup;
			children = (
				79611ECE1AEFE0020021C1F1 /* Base */,
			);
			name = Main.storyboard;
			sourceTree = "<group>";
		};
		79611ED21AEFE0020021C1F1 /* LaunchScreen.xib */ = {
			isa = PBXVariantGroup;
			children = (
				79611ED31AEFE0020021C1F1 /* Base */,
			);
			name = LaunchScreen.xib;
			sourceTree = "<group>";
		};
/* End PBXVariantGroup section */

/* Begin XCBuildConfiguration section */
		79611EE11AEFE0020021C1F1 /* Debug */ = {
			isa = XCBuildConfiguration;
			buildSettings = {
				ALWAYS_SEARCH_USER_PATHS = NO;
				CLANG_CXX_LANGUAGE_STANDARD = "gnu++0x";
				CLANG_CXX_LIBRARY = "libc++";
				CLANG_ENABLE_MODULES = YES;
				CLANG_ENABLE_OBJC_ARC = YES;
				CLANG_WARN_BOOL_CONVERSION = YES;
				CLANG_WARN_CONSTANT_CONVERSION = YES;
				CLANG_WARN_DIRECT_OBJC_ISA_USAGE = YES_ERROR;
				CLANG_WARN_EMPTY_BODY = YES;
				CLANG_WARN_ENUM_CONVERSION = YES;
				CLANG_WARN_INT_CONVERSION = YES;
				CLANG_WARN_OBJC_ROOT_CLASS = YES_ERROR;
				CLANG_WARN_UNREACHABLE_CODE = YES;
				CLANG_WARN__DUPLICATE_METHOD_MATCH = YES;
				"CODE_SIGN_IDENTITY[sdk=iphoneos*]" = "iPhone Developer";
				COPY_PHASE_STRIP = NO;
				DEBUG_INFORMATION_FORMAT = "dwarf-with-dsym";
				ENABLE_STRICT_OBJC_MSGSEND = YES;
				GCC_C_LANGUAGE_STANDARD = gnu99;
				GCC_DYNAMIC_NO_PIC = NO;
				GCC_NO_COMMON_BLOCKS = YES;
				GCC_OPTIMIZATION_LEVEL = 0;
				GCC_PREPROCESSOR_DEFINITIONS = (
					"DEBUG=1",
					"$(inherited)",
				);
				GCC_SYMBOLS_PRIVATE_EXTERN = NO;
				GCC_WARN_64_TO_32_BIT_CONVERSION = YES;
				GCC_WARN_ABOUT_RETURN_TYPE = YES_ERROR;
				GCC_WARN_UNDECLARED_SELECTOR = YES;
				GCC_WARN_UNINITIALIZED_AUTOS = YES_AGGRESSIVE;
				GCC_WARN_UNUSED_FUNCTION = YES;
				GCC_WARN_UNUSED_VARIABLE = YES;
				IPHONEOS_DEPLOYMENT_TARGET = 8.3;
				MTL_ENABLE_DEBUG_INFO = YES;
				ONLY_ACTIVE_ARCH = YES;
				SDKROOT = iphoneos;
				SWIFT_OPTIMIZATION_LEVEL = "-Onone";
				TARGETED_DEVICE_FAMILY = "1,2";
			};
			name = Debug;
		};
		79611EE21AEFE0020021C1F1 /* Release */ = {
			isa = XCBuildConfiguration;
			buildSettings = {
				ALWAYS_SEARCH_USER_PATHS = NO;
				CLANG_CXX_LANGUAGE_STANDARD = "gnu++0x";
				CLANG_CXX_LIBRARY = "libc++";
				CLANG_ENABLE_MODULES = YES;
				CLANG_ENABLE_OBJC_ARC = YES;
				CLANG_WARN_BOOL_CONVERSION = YES;
				CLANG_WARN_CONSTANT_CONVERSION = YES;
				CLANG_WARN_DIRECT_OBJC_ISA_USAGE = YES_ERROR;
				CLANG_WARN_EMPTY_BODY = YES;
				CLANG_WARN_ENUM_CONVERSION = YES;
				CLANG_WARN_INT_CONVERSION = YES;
				CLANG_WARN_OBJC_ROOT_CLASS = YES_ERROR;
				CLANG_WARN_UNREACHABLE_CODE = YES;
				CLANG_WARN__DUPLICATE_METHOD_MATCH = YES;
				"CODE_SIGN_IDENTITY[sdk=iphoneos*]" = "iPhone Developer";
				COPY_PHASE_STRIP = NO;
				DEBUG_INFORMATION_FORMAT = "dwarf-with-dsym";
				ENABLE_NS_ASSERTIONS = NO;
				ENABLE_STRICT_OBJC_MSGSEND = YES;
				GCC_C_LANGUAGE_STANDARD = gnu99;
				GCC_NO_COMMON_BLOCKS = YES;
				GCC_WARN_64_TO_32_BIT_CONVERSION = YES;
				GCC_WARN_ABOUT_RETURN_TYPE = YES_ERROR;
				GCC_WARN_UNDECLARED_SELECTOR = YES;
				GCC_WARN_UNINITIALIZED_AUTOS = YES_AGGRESSIVE;
				GCC_WARN_UNUSED_FUNCTION = YES;
				GCC_WARN_UNUSED_VARIABLE = YES;
				IPHONEOS_DEPLOYMENT_TARGET = 8.3;
				MTL_ENABLE_DEBUG_INFO = NO;
				SDKROOT = iphoneos;
				TARGETED_DEVICE_FAMILY = "1,2";
				VALIDATE_PRODUCT = YES;
			};
			name = Release;
		};
		79611EE41AEFE0020021C1F1 /* Debug */ = {
			isa = XCBuildConfiguration;
			buildSettings = {
				ASSETCATALOG_COMPILER_APPICON_NAME = AppIcon;
				INFOPLIST_FILE = ttv/Info.plist;
				LD_RUNPATH_SEARCH_PATHS = "$(inherited) @executable_path/Frameworks";
				PRODUCT_NAME = "$(TARGET_NAME)";
			};
			name = Debug;
		};
		79611EE51AEFE0020021C1F1 /* Release */ = {
			isa = XCBuildConfiguration;
			buildSettings = {
				ASSETCATALOG_COMPILER_APPICON_NAME = AppIcon;
				INFOPLIST_FILE = ttv/Info.plist;
				LD_RUNPATH_SEARCH_PATHS = "$(inherited) @executable_path/Frameworks";
				PRODUCT_NAME = "$(TARGET_NAME)";
			};
			name = Release;
		};
		79611EE71AEFE0020021C1F1 /* Debug */ = {
			isa = XCBuildConfiguration;
			buildSettings = {
				BUNDLE_LOADER = "$(TEST_HOST)";
				FRAMEWORK_SEARCH_PATHS = (
					"$(SDKROOT)/Developer/Library/Frameworks",
					"$(inherited)",
				);
				GCC_PREPROCESSOR_DEFINITIONS = (
					"DEBUG=1",
					"$(inherited)",
				);
				INFOPLIST_FILE = ttvTests/Info.plist;
				LD_RUNPATH_SEARCH_PATHS = "$(inherited) @executable_path/Frameworks @loader_path/Frameworks";
				PRODUCT_NAME = "$(TARGET_NAME)";
				TEST_HOST = "$(BUILT_PRODUCTS_DIR)/ttv.app/ttv";
			};
			name = Debug;
		};
		79611EE81AEFE0020021C1F1 /* Release */ = {
			isa = XCBuildConfiguration;
			buildSettings = {
				BUNDLE_LOADER = "$(TEST_HOST)";
				FRAMEWORK_SEARCH_PATHS = (
					"$(SDKROOT)/Developer/Library/Frameworks",
					"$(inherited)",
				);
				INFOPLIST_FILE = ttvTests/Info.plist;
				LD_RUNPATH_SEARCH_PATHS = "$(inherited) @executable_path/Frameworks @loader_path/Frameworks";
				PRODUCT_NAME = "$(TARGET_NAME)";
				TEST_HOST = "$(BUILT_PRODUCTS_DIR)/ttv.app/ttv";
			};
			name = Release;
		};
/* End XCBuildConfiguration section */

/* Begin XCConfigurationList section */
		79611EBC1AEFE0020021C1F1 /* Build configuration list for PBXProject "ttv" */ = {
			isa = XCConfigurationList;
			buildConfigurations = (
				79611EE11AEFE0020021C1F1 /* Debug */,
				79611EE21AEFE0020021C1F1 /* Release */,
			);
			defaultConfigurationIsVisible = 0;
			defaultConfigurationName = Release;
		};
		79611EE31AEFE0020021C1F1 /* Build configuration list for PBXNativeTarget "ttv" */ = {
			isa = XCConfigurationList;
			buildConfigurations = (
				79611EE41AEFE0020021C1F1 /* Debug */,
				79611EE51AEFE0020021C1F1 /* Release */,
			);
			defaultConfigurationIsVisible = 0;
		};
		79611EE61AEFE0020021C1F1 /* Build configuration list for PBXNativeTarget "ttvTests" */ = {
			isa = XCConfigurationList;
			buildConfigurations = (
				79611EE71AEFE0020021C1F1 /* Debug */,
				79611EE81AEFE0020021C1F1 /* Release */,
			);
			defaultConfigurationIsVisible = 0;
		};
/* End XCConfigurationList section */

/* Begin XCVersionGroup section */
		79611EC81AEFE0020021C1F1 /* ttv.xcdatamodeld */ = {
			isa = XCVersionGroup;
			children = (
				79611EC91AEFE0020021C1F1 /* ttv.xcdatamodel */,
			);
			currentVersion = 79611EC91AEFE0020021C1F1 /* ttv.xcdatamodel */;
			path = ttv.xcdatamodeld;
			sourceTree = "<group>";
			versionGroupType = wrapper.xcdatamodel;
		};
/* End XCVersionGroup section */
	};
	rootObject = 79611EB91AEFE0020021C1F1 /* Project object */;
}
